
Microsoft Visual Studio Solution File, Format Version 12.00
# Visual Studio 14
VisualStudioVersion = 14.0.25420.1
MinimumVisualStudioVersion = 10.0.40219.1
Project("{FAE04EC0-301F-11D3-BF4B-00C04F79EFBC}") = "FileStringReplacer", "FileStringReplacer\FileStringReplacer.csproj", "{0FFF5DEA-0B2F-4CFC-B883-AAA0E8FC6802}"
EndProject
Project("{FAE04EC0-301F-11D3-BF4B-00C04F79EFBC}") = "FileStringReplacerTest", "FileStringReplacerTest\FileStringReplacerTest.csproj", "{410718D1-6A05-46A1-AC3F-CFE37200A86B}"
EndProject
Global
	GlobalSection(SolutionConfigurationPlatforms) = preSolution
		Debug|Any CPU = Debug|Any CPU
		Release|Any CPU = Release|Any CPU
	EndGlobalSection
	GlobalSection(ProjectConfigurationPlatforms) = postSolution
		{0FFF5DEA-0B2F-4CFC-B883-AAA0E8FC6802}.Debug|Any CPU.ActiveCfg = Debug|Any CPU
		{0FFF5DEA-0B2F-4CFC-B883-AAA0E8FC6802}.Debug|Any CPU.Build.0 = Debug|Any CPU
		{0FFF5DEA-0B2F-4CFC-B883-AAA0E8FC6802}.Release|Any CPU.ActiveCfg = Release|Any CPU
		{0FFF5DEA-0B2F-4CFC-B883-AAA0E8FC6802}.Release|Any CPU.Build.0 = Release|Any CPU
		{410718D1-6A05-46A1-AC3F-CFE37200A86B}.Debug|Any CPU.ActiveCfg = Debug|Any CPU
		{410718D1-6A05-46A1-AC3F-CFE37200A86B}.Debug|Any CPU.Build.0 = Debug|Any CPU
		{410718D1-6A05-46A1-AC3F-CFE37200A86B}.Release|Any CPU.ActiveCfg = Release|Any CPU
		{410718D1-6A05-46A1-AC3F-CFE37200A86B}.Release|Any CPU.Build.0 = Release|Any CPU
	EndGlobalSection
	GlobalSection(SolutionProperties) = preSolution
		HideSolutionNode = FALSE
	EndGlobalSection
EndGlobal
